
Microsoft Visual Studio Solution File, Format Version 12.00
# Visual Studio Version 17
VisualStudioVersion = 17.5.002.0
MinimumVisualStudioVersion = 10.0.40219.1
Project("{2150E333-8FDC-42A3-9474-1A3956D46DE8}") = "csharp-prep", "csharp-prep", "{87BA7E50-F108-4E8B-8AF8-E0274B5C44B2}"
EndProject
Project("{9A19103F-16F7-4668-BE54-9A1E7A4F7556}") = "Prep1", "csharp-prep\Prep1\Prep1.csproj", "{8BD68CD3-EB37-40FA-AD72-6F7F97D84DBC}"
EndProject
Project("{9A19103F-16F7-4668-BE54-9A1E7A4F7556}") = "Prep2", "csharp-prep\Prep2\Prep2.csproj", "{9E33008A-9878-434A-BDE7-AAD8B46B6702}"
EndProject
Project("{9A19103F-16F7-4668-BE54-9A1E7A4F7556}") = "Prep3", "csharp-prep\Prep3\Prep3.csproj", "{793A87ED-EA96-40C8-9551-60490756C7D2}"
EndProject
Project("{9A19103F-16F7-4668-BE54-9A1E7A4F7556}") = "Prep4", "csharp-prep\Prep4\Prep4.csproj", "{A6091568-0362-4974-B630-70A02106B67C}"
EndProject
Project("{9A19103F-16F7-4668-BE54-9A1E7A4F7556}") = "Prep5", "csharp-prep\Prep5\Prep5.csproj", "{B8B972BA-AEDC-4E44-B929-327A4D0F8832}"
EndProject
Project("{2150E333-8FDC-42A3-9474-1A3956D46DE8}") = "final", "final", "{2072BA3B-6B20-408D-80DF-F10071895835}"
EndProject
Project("{9A19103F-16F7-4668-BE54-9A1E7A4F7556}") = "FinalProject", "final\FinalProject\FinalProject.csproj", "{74EE50A2-00E3-4527-A665-766AFC5BA73C}"
EndProject
Project("{9A19103F-16F7-4668-BE54-9A1E7A4F7556}") = "Foundation1", "final\Foundation1\Foundation1.csproj", "{6DBD621C-B65C-4E44-B763-89F917F2AF90}"
EndProject
Project("{9A19103F-16F7-4668-BE54-9A1E7A4F7556}") = "Foundation2", "final\Foundation2\Foundation2.csproj", "{9261889E-A0EA-492E-919A-A0CCB729A384}"
EndProject
Project("{9A19103F-16F7-4668-BE54-9A1E7A4F7556}") = "Foundation3", "final\Foundation3\Foundation3.csproj", "{C3798B11-DC1F-45C0-9BD6-A1B23F200CE2}"
EndProject
Project("{9A19103F-16F7-4668-BE54-9A1E7A4F7556}") = "Foundation4", "final\Foundation4\Foundation4.csproj", "{5B028AB8-2203-46F2-9023-34EDA3A81BA9}"
EndProject
Project("{2150E333-8FDC-42A3-9474-1A3956D46DE8}") = "prepare", "prepare", "{422BE9C0-EC67-45AD-B235-E25DC4D9F76E}"
EndProject
Project("{9A19103F-16F7-4668-BE54-9A1E7A4F7556}") = "Learning02", "prepare\Learning02\Learning02.csproj", "{8FD372AE-7929-48DE-9D75-57BEBB633CF9}"
EndProject
Project("{9A19103F-16F7-4668-BE54-9A1E7A4F7556}") = "Learning03", "prepare\Learning03\Learning03.csproj", "{54111E0A-B6D2-4096-A587-C548CECA95C6}"
EndProject
Project("{9A19103F-16F7-4668-BE54-9A1E7A4F7556}") = "Learning04", "prepare\Learning04\Learning04.csproj", "{D3A6873C-08F4-4258-9048-B3FC393C35F7}"
EndProject
Project("{9A19103F-16F7-4668-BE54-9A1E7A4F7556}") = "Learning05", "prepare\Learning05\Learning05.csproj", "{3D223627-A40B-4544-97C2-77EA13DADEAD}"
EndProject
Project("{2150E333-8FDC-42A3-9474-1A3956D46DE8}") = "prove", "prove", "{61C34848-F06D-450D-8307-0120A0A4D4E6}"
EndProject
Project("{9A19103F-16F7-4668-BE54-9A1E7A4F7556}") = "Develop02", "prove\Develop02\Develop02.csproj", "{7D8F530D-964C-4A3A-A847-BD7C83BEDD09}"
EndProject
Project("{9A19103F-16F7-4668-BE54-9A1E7A4F7556}") = "Develop03", "prove\Develop03\Develop03.csproj", "{2EF4135C-67A2-4E54-8308-B6EBB8BBE8C6}"
EndProject
Project("{9A19103F-16F7-4668-BE54-9A1E7A4F7556}") = "Develop04", "prove\Develop04\Develop04.csproj", "{545B7834-016E-41EC-A2BF-A93E95852DBF}"
EndProject
Project("{9A19103F-16F7-4668-BE54-9A1E7A4F7556}") = "Develop05", "prove\Develop05\Develop05.csproj", "{787DF58D-CDF6-49EB-BF43-7327B1018B43}"
EndProject
Project("{2150E333-8FDC-42A3-9474-1A3956D46DE8}") = "sandbox", "sandbox", "{B4A98FA4-0E63-44DA-880A-73F36475EBBE}"
EndProject
Project("{9A19103F-16F7-4668-BE54-9A1E7A4F7556}") = "Sandbox", "sandbox\Sandbox\Sandbox.csproj", "{8B443302-1267-4844-AFDE-60B2D4B72DE4}"
EndProject
Global
	GlobalSection(SolutionConfigurationPlatforms) = preSolution
		Debug|Any CPU = Debug|Any CPU
		Release|Any CPU = Release|Any CPU
	EndGlobalSection
	GlobalSection(ProjectConfigurationPlatforms) = postSolution
		{8BD68CD3-EB37-40FA-AD72-6F7F97D84DBC}.Debug|Any CPU.ActiveCfg = Debug|Any CPU
		{8BD68CD3-EB37-40FA-AD72-6F7F97D84DBC}.Debug|Any CPU.Build.0 = Debug|Any CPU
		{8BD68CD3-EB37-40FA-AD72-6F7F97D84DBC}.Release|Any CPU.ActiveCfg = Release|Any CPU
		{8BD68CD3-EB37-40FA-AD72-6F7F97D84DBC}.Release|Any CPU.Build.0 = Release|Any CPU
		{9E33008A-9878-434A-BDE7-AAD8B46B6702}.Debug|Any CPU.ActiveCfg = Debug|Any CPU
		{9E33008A-9878-434A-BDE7-AAD8B46B6702}.Debug|Any CPU.Build.0 = Debug|Any CPU
		{9E33008A-9878-434A-BDE7-AAD8B46B6702}.Release|Any CPU.ActiveCfg = Release|Any CPU
		{9E33008A-9878-434A-BDE7-AAD8B46B6702}.Release|Any CPU.Build.0 = Release|Any CPU
		{793A87ED-EA96-40C8-9551-60490756C7D2}.Debug|Any CPU.ActiveCfg = Debug|Any CPU
		{793A87ED-EA96-40C8-9551-60490756C7D2}.Debug|Any CPU.Build.0 = Debug|Any CPU
		{793A87ED-EA96-40C8-9551-60490756C7D2}.Release|Any CPU.ActiveCfg = Release|Any CPU
		{793A87ED-EA96-40C8-9551-60490756C7D2}.Release|Any CPU.Build.0 = Release|Any CPU
		{A6091568-0362-4974-B630-70A02106B67C}.Debug|Any CPU.ActiveCfg = Debug|Any CPU
		{A6091568-0362-4974-B630-70A02106B67C}.Debug|Any CPU.Build.0 = Debug|Any CPU
		{A6091568-0362-4974-B630-70A02106B67C}.Release|Any CPU.ActiveCfg = Release|Any CPU
		{A6091568-0362-4974-B630-70A02106B67C}.Release|Any CPU.Build.0 = Release|Any CPU
		{B8B972BA-AEDC-4E44-B929-327A4D0F8832}.Debug|Any CPU.ActiveCfg = Debug|Any CPU
		{B8B972BA-AEDC-4E44-B929-327A4D0F8832}.Debug|Any CPU.Build.0 = Debug|Any CPU
		{B8B972BA-AEDC-4E44-B929-327A4D0F8832}.Release|Any CPU.ActiveCfg = Release|Any CPU
		{B8B972BA-AEDC-4E44-B929-327A4D0F8832}.Release|Any CPU.Build.0 = Release|Any CPU
		{74EE50A2-00E3-4527-A665-766AFC5BA73C}.Debug|Any CPU.ActiveCfg = Debug|Any CPU
		{74EE50A2-00E3-4527-A665-766AFC5BA73C}.Debug|Any CPU.Build.0 = Debug|Any CPU
		{74EE50A2-00E3-4527-A665-766AFC5BA73C}.Release|Any CPU.ActiveCfg = Release|Any CPU
		{74EE50A2-00E3-4527-A665-766AFC5BA73C}.Release|Any CPU.Build.0 = Release|Any CPU
		{6DBD621C-B65C-4E44-B763-89F917F2AF90}.Debug|Any CPU.ActiveCfg = Debug|Any CPU
		{6DBD621C-B65C-4E44-B763-89F917F2AF90}.Debug|Any CPU.Build.0 = Debug|Any CPU
		{6DBD621C-B65C-4E44-B763-89F917F2AF90}.Release|Any CPU.ActiveCfg = Release|Any CPU
		{6DBD621C-B65C-4E44-B763-89F917F2AF90}.Release|Any CPU.Build.0 = Release|Any CPU
		{9261889E-A0EA-492E-919A-A0CCB729A384}.Debug|Any CPU.ActiveCfg = Debug|Any CPU
		{9261889E-A0EA-492E-919A-A0CCB729A384}.Debug|Any CPU.Build.0 = Debug|Any CPU
		{9261889E-A0EA-492E-919A-A0CCB729A384}.Release|Any CPU.ActiveCfg = Release|Any CPU
		{9261889E-A0EA-492E-919A-A0CCB729A384}.Release|Any CPU.Build.0 = Release|Any CPU
		{C3798B11-DC1F-45C0-9BD6-A1B23F200CE2}.Debug|Any CPU.ActiveCfg = Debug|Any CPU
		{C3798B11-DC1F-45C0-9BD6-A1B23F200CE2}.Debug|Any CPU.Build.0 = Debug|Any CPU
		{C3798B11-DC1F-45C0-9BD6-A1B23F200CE2}.Release|Any CPU.ActiveCfg = Release|Any CPU
		{C3798B11-DC1F-45C0-9BD6-A1B23F200CE2}.Release|Any CPU.Build.0 = Release|Any CPU
		{5B028AB8-2203-46F2-9023-34EDA3A81BA9}.Debug|Any CPU.ActiveCfg = Debug|Any CPU
		{5B028AB8-2203-46F2-9023-34EDA3A81BA9}.Debug|Any CPU.Build.0 = Debug|Any CPU
		{5B028AB8-2203-46F2-9023-34EDA3A81BA9}.Release|Any CPU.ActiveCfg = Release|Any CPU
		{5B028AB8-2203-46F2-9023-34EDA3A81BA9}.Release|Any CPU.Build.0 = Release|Any CPU
		{8FD372AE-7929-48DE-9D75-57BEBB633CF9}.Debug|Any CPU.ActiveCfg = Debug|Any CPU
		{8FD372AE-7929-48DE-9D75-57BEBB633CF9}.Debug|Any CPU.Build.0 = Debug|Any CPU
		{8FD372AE-7929-48DE-9D75-57BEBB633CF9}.Release|Any CPU.ActiveCfg = Release|Any CPU
		{8FD372AE-7929-48DE-9D75-57BEBB633CF9}.Release|Any CPU.Build.0 = Release|Any CPU
		{54111E0A-B6D2-4096-A587-C548CECA95C6}.Debug|Any CPU.ActiveCfg = Debug|Any CPU
		{54111E0A-B6D2-4096-A587-C548CECA95C6}.Debug|Any CPU.Build.0 = Debug|Any CPU
		{54111E0A-B6D2-4096-A587-C548CECA95C6}.Release|Any CPU.ActiveCfg = Release|Any CPU
		{54111E0A-B6D2-4096-A587-C548CECA95C6}.Release|Any CPU.Build.0 = Release|Any CPU
		{D3A6873C-08F4-4258-9048-B3FC393C35F7}.Debug|Any CPU.ActiveCfg = Debug|Any CPU
		{D3A6873C-08F4-4258-9048-B3FC393C35F7}.Debug|Any CPU.Build.0 = Debug|Any CPU
		{D3A6873C-08F4-4258-9048-B3FC393C35F7}.Release|Any CPU.ActiveCfg = Release|Any CPU
		{D3A6873C-08F4-4258-9048-B3FC393C35F7}.Release|Any CPU.Build.0 = Release|Any CPU
		{3D223627-A40B-4544-97C2-77EA13DADEAD}.Debug|Any CPU.ActiveCfg = Debug|Any CPU
		{3D223627-A40B-4544-97C2-77EA13DADEAD}.Debug|Any CPU.Build.0 = Debug|Any CPU
		{3D223627-A40B-4544-97C2-77EA13DADEAD}.Release|Any CPU.ActiveCfg = Release|Any CPU
		{3D223627-A40B-4544-97C2-77EA13DADEAD}.Release|Any CPU.Build.0 = Release|Any CPU
		{7D8F530D-964C-4A3A-A847-BD7C83BEDD09}.Debug|Any CPU.ActiveCfg = Debug|Any CPU
		{7D8F530D-964C-4A3A-A847-BD7C83BEDD09}.Debug|Any CPU.Build.0 = Debug|Any CPU
		{7D8F530D-964C-4A3A-A847-BD7C83BEDD09}.Release|Any CPU.ActiveCfg = Release|Any CPU
		{7D8F530D-964C-4A3A-A847-BD7C83BEDD09}.Release|Any CPU.Build.0 = Release|Any CPU
		{2EF4135C-67A2-4E54-8308-B6EBB8BBE8C6}.Debug|Any CPU.ActiveCfg = Debug|Any CPU
		{2EF4135C-67A2-4E54-8308-B6EBB8BBE8C6}.Debug|Any CPU.Build.0 = Debug|Any CPU
		{2EF4135C-67A2-4E54-8308-B6EBB8BBE8C6}.Release|Any CPU.ActiveCfg = Release|Any CPU
		{2EF4135C-67A2-4E54-8308-B6EBB8BBE8C6}.Release|Any CPU.Build.0 = Release|Any CPU
		{545B7834-016E-41EC-A2BF-A93E95852DBF}.Debug|Any CPU.ActiveCfg = Debug|Any CPU
		{545B7834-016E-41EC-A2BF-A93E95852DBF}.Debug|Any CPU.Build.0 = Debug|Any CPU
		{545B7834-016E-41EC-A2BF-A93E95852DBF}.Release|Any CPU.ActiveCfg = Release|Any CPU
		{545B7834-016E-41EC-A2BF-A93E95852DBF}.Release|Any CPU.Build.0 = Release|Any CPU
		{787DF58D-CDF6-49EB-BF43-7327B1018B43}.Debug|Any CPU.ActiveCfg = Debug|Any CPU
		{787DF58D-CDF6-49EB-BF43-7327B1018B43}.Debug|Any CPU.Build.0 = Debug|Any CPU
		{787DF58D-CDF6-49EB-BF43-7327B1018B43}.Release|Any CPU.ActiveCfg = Release|Any CPU
		{787DF58D-CDF6-49EB-BF43-7327B1018B43}.Release|Any CPU.Build.0 = Release|Any CPU
		{8B443302-1267-4844-AFDE-60B2D4B72DE4}.Debug|Any CPU.ActiveCfg = Debug|Any CPU
		{8B443302-1267-4844-AFDE-60B2D4B72DE4}.Debug|Any CPU.Build.0 = Debug|Any CPU
		{8B443302-1267-4844-AFDE-60B2D4B72DE4}.Release|Any CPU.ActiveCfg = Release|Any CPU
		{8B443302-1267-4844-AFDE-60B2D4B72DE4}.Release|Any CPU.Build.0 = Release|Any CPU
	EndGlobalSection
	GlobalSection(SolutionProperties) = preSolution
		HideSolutionNode = FALSE
	EndGlobalSection
	GlobalSection(NestedProjects) = preSolution
		{8BD68CD3-EB37-40FA-AD72-6F7F97D84DBC} = {87BA7E50-F108-4E8B-8AF8-E0274B5C44B2}
		{9E33008A-9878-434A-BDE7-AAD8B46B6702} = {87BA7E50-F108-4E8B-8AF8-E0274B5C44B2}
		{793A87ED-EA96-40C8-9551-60490756C7D2} = {87BA7E50-F108-4E8B-8AF8-E0274B5C44B2}
		{A6091568-0362-4974-B630-70A02106B67C} = {87BA7E50-F108-4E8B-8AF8-E0274B5C44B2}
		{B8B972BA-AEDC-4E44-B929-327A4D0F8832} = {87BA7E50-F108-4E8B-8AF8-E0274B5C44B2}
		{74EE50A2-00E3-4527-A665-766AFC5BA73C} = {2072BA3B-6B20-408D-80DF-F10071895835}
		{6DBD621C-B65C-4E44-B763-89F917F2AF90} = {2072BA3B-6B20-408D-80DF-F10071895835}
		{9261889E-A0EA-492E-919A-A0CCB729A384} = {2072BA3B-6B20-408D-80DF-F10071895835}
		{C3798B11-DC1F-45C0-9BD6-A1B23F200CE2} = {2072BA3B-6B20-408D-80DF-F10071895835}
		{5B028AB8-2203-46F2-9023-34EDA3A81BA9} = {2072BA3B-6B20-408D-80DF-F10071895835}
		{8FD372AE-7929-48DE-9D75-57BEBB633CF9} = {422BE9C0-EC67-45AD-B235-E25DC4D9F76E}
		{54111E0A-B6D2-4096-A587-C548CECA95C6} = {422BE9C0-EC67-45AD-B235-E25DC4D9F76E}
		{D3A6873C-08F4-4258-9048-B3FC393C35F7} = {422BE9C0-EC67-45AD-B235-E25DC4D9F76E}
		{3D223627-A40B-4544-97C2-77EA13DADEAD} = {422BE9C0-EC67-45AD-B235-E25DC4D9F76E}
		{7D8F530D-964C-4A3A-A847-BD7C83BEDD09} = {61C34848-F06D-450D-8307-0120A0A4D4E6}
		{2EF4135C-67A2-4E54-8308-B6EBB8BBE8C6} = {61C34848-F06D-450D-8307-0120A0A4D4E6}
		{545B7834-016E-41EC-A2BF-A93E95852DBF} = {61C34848-F06D-450D-8307-0120A0A4D4E6}
		{787DF58D-CDF6-49EB-BF43-7327B1018B43} = {61C34848-F06D-450D-8307-0120A0A4D4E6}
		{8B443302-1267-4844-AFDE-60B2D4B72DE4} = {B4A98FA4-0E63-44DA-880A-73F36475EBBE}
	EndGlobalSection
	GlobalSection(ExtensibilityGlobals) = postSolution
		SolutionGuid = {7955D71D-5817-4C90-BFB8-60E68A37F635}
	EndGlobalSection
EndGlobal
